
Microsoft Visual Studio Solution File, Format Version 12.00
# Visual Studio Version 16
VisualStudioVersion = 16.0.30128.36
MinimumVisualStudioVersion = 10.0.40219.1
Project("{9A19103F-16F7-4668-BE54-9A1E7A4F7556}") = "WpfApp1", "WpfApp1\WpfApp1.csproj", "{017B56F0-9379-47F4-BDFD-86B90029F846}"
EndProject
Project("{9A19103F-16F7-4668-BE54-9A1E7A4F7556}") = "Service", "Service\Service.csproj", "{A51FD501-EC25-4198-B776-B648F4959BF8}"
EndProject
Project("{9A19103F-16F7-4668-BE54-9A1E7A4F7556}") = "ModelsDataLib", "ModelsDataLib\ModelsDataLib.csproj", "{66082223-6D1E-4B2A-B4AD-A0484205E6B5}"
EndProject
Project("{9A19103F-16F7-4668-BE54-9A1E7A4F7556}") = "WorkersDataParserLib", "WorkersDataParserLib\WorkersDataParserLib.csproj", "{4A41D7C7-8725-488D-A9D5-3764A54A89AB}"
EndProject
Project("{6EC3EE1D-3C4E-46DD-8F32-0CC8E7565705}") = "ParserEIC", "FSharp\ParserEIC.fsproj", "{3193ED9B-2880-4510-8AA1-81700649A3A3}"
EndProject
Global
	GlobalSection(SolutionConfigurationPlatforms) = preSolution
		Debug|Any CPU = Debug|Any CPU
		Release|Any CPU = Release|Any CPU
	EndGlobalSection
	GlobalSection(ProjectConfigurationPlatforms) = postSolution
		{017B56F0-9379-47F4-BDFD-86B90029F846}.Debug|Any CPU.ActiveCfg = Debug|Any CPU
		{017B56F0-9379-47F4-BDFD-86B90029F846}.Debug|Any CPU.Build.0 = Debug|Any CPU
		{017B56F0-9379-47F4-BDFD-86B90029F846}.Release|Any CPU.ActiveCfg = Release|Any CPU
		{017B56F0-9379-47F4-BDFD-86B90029F846}.Release|Any CPU.Build.0 = Release|Any CPU
		{A51FD501-EC25-4198-B776-B648F4959BF8}.Debug|Any CPU.ActiveCfg = Debug|Any CPU
		{A51FD501-EC25-4198-B776-B648F4959BF8}.Debug|Any CPU.Build.0 = Debug|Any CPU
		{A51FD501-EC25-4198-B776-B648F4959BF8}.Release|Any CPU.ActiveCfg = Release|Any CPU
		{A51FD501-EC25-4198-B776-B648F4959BF8}.Release|Any CPU.Build.0 = Release|Any CPU
		{66082223-6D1E-4B2A-B4AD-A0484205E6B5}.Debug|Any CPU.ActiveCfg = Debug|Any CPU
		{66082223-6D1E-4B2A-B4AD-A0484205E6B5}.Debug|Any CPU.Build.0 = Debug|Any CPU
		{66082223-6D1E-4B2A-B4AD-A0484205E6B5}.Release|Any CPU.ActiveCfg = Release|Any CPU
		{66082223-6D1E-4B2A-B4AD-A0484205E6B5}.Release|Any CPU.Build.0 = Release|Any CPU
		{4A41D7C7-8725-488D-A9D5-3764A54A89AB}.Debug|Any CPU.ActiveCfg = Debug|Any CPU
		{4A41D7C7-8725-488D-A9D5-3764A54A89AB}.Debug|Any CPU.Build.0 = Debug|Any CPU
		{4A41D7C7-8725-488D-A9D5-3764A54A89AB}.Release|Any CPU.ActiveCfg = Release|Any CPU
		{4A41D7C7-8725-488D-A9D5-3764A54A89AB}.Release|Any CPU.Build.0 = Release|Any CPU
		{3193ED9B-2880-4510-8AA1-81700649A3A3}.Debug|Any CPU.ActiveCfg = Debug|Any CPU
		{3193ED9B-2880-4510-8AA1-81700649A3A3}.Debug|Any CPU.Build.0 = Debug|Any CPU
		{3193ED9B-2880-4510-8AA1-81700649A3A3}.Release|Any CPU.ActiveCfg = Release|Any CPU
		{3193ED9B-2880-4510-8AA1-81700649A3A3}.Release|Any CPU.Build.0 = Release|Any CPU
	EndGlobalSection
	GlobalSection(SolutionProperties) = preSolution
		HideSolutionNode = FALSE
	EndGlobalSection
	GlobalSection(ExtensibilityGlobals) = postSolution
		SolutionGuid = {E1DC7C50-6CD2-42A9-8C29-4DC606029D81}
	EndGlobalSection
EndGlobal
